
Microsoft Visual Studio Solution File, Format Version 12.00
# Visual Studio Version 17
VisualStudioVersion = 17.4.33205.214
MinimumVisualStudioVersion = 10.0.40219.1
Project("{FAE04EC0-301F-11D3-BF4B-00C04F79EFBC}") = "Week13SQLiteDB", "Week13SQLiteDB\Week13SQLiteDB.csproj", "{D5CDB47E-4E2B-4ECA-A887-BD1B2987E563}"
EndProject
Global
	GlobalSection(SolutionConfigurationPlatforms) = preSolution
		Debug|Any CPU = Debug|Any CPU
		Release|Any CPU = Release|Any CPU
	EndGlobalSection
	GlobalSection(ProjectConfigurationPlatforms) = postSolution
		{D5CDB47E-4E2B-4ECA-A887-BD1B2987E563}.Debug|Any CPU.ActiveCfg = Debug|Any CPU
		{D5CDB47E-4E2B-4ECA-A887-BD1B2987E563}.Debug|Any CPU.Build.0 = Debug|Any CPU
		{D5CDB47E-4E2B-4ECA-A887-BD1B2987E563}.Release|Any CPU.ActiveCfg = Release|Any CPU
		{D5CDB47E-4E2B-4ECA-A887-BD1B2987E563}.Release|Any CPU.Build.0 = Release|Any CPU
	EndGlobalSection
	GlobalSection(SolutionProperties) = preSolution
		HideSolutionNode = FALSE
	EndGlobalSection
	GlobalSection(ExtensibilityGlobals) = postSolution
		SolutionGuid = {E75CD65C-B3A1-4577-9456-271338EA365E}
	EndGlobalSection
EndGlobal
